
Microsoft Visual Studio Solution File, Format Version 12.00
# Visual Studio Version 17
VisualStudioVersion = 17.14.36518.9 d17.14
MinimumVisualStudioVersion = 10.0.40219.1
Project("{FAE04EC0-301F-11D3-BF4B-00C04F79EFBC}") = "MyTestLibrary", "MyTestLibrary\MyTestLibrary.csproj", "{D9284D1B-8691-4D57-ACFD-9CB9A701FF67}"
EndProject
Global
	GlobalSection(SolutionConfigurationPlatforms) = preSolution
		Debug|Any CPU = Debug|Any CPU
		Release|Any CPU = Release|Any CPU
	EndGlobalSection
	GlobalSection(ProjectConfigurationPlatforms) = postSolution
		{D9284D1B-8691-4D57-ACFD-9CB9A701FF67}.Debug|Any CPU.ActiveCfg = Debug|Any CPU
		{D9284D1B-8691-4D57-ACFD-9CB9A701FF67}.Debug|Any CPU.Build.0 = Debug|Any CPU
		{D9284D1B-8691-4D57-ACFD-9CB9A701FF67}.Release|Any CPU.ActiveCfg = Release|Any CPU
		{D9284D1B-8691-4D57-ACFD-9CB9A701FF67}.Release|Any CPU.Build.0 = Release|Any CPU
	EndGlobalSection
	GlobalSection(SolutionProperties) = preSolution
		HideSolutionNode = FALSE
	EndGlobalSection
	GlobalSection(ExtensibilityGlobals) = postSolution
		SolutionGuid = {1C0B5627-5C40-473D-A3F8-232A8766F46F}
	EndGlobalSection
EndGlobal
